// !$*UTF8*$!
{
	archiveVersion = 1;
	classes = {
	};
	objectVersion = 48;
	objects = {

/* Begin PBXBuildFile section */
		172B508420156BAF00E0869C /* AuthService.swift in Sources */ = {isa = PBXBuildFile; fileRef = 172B508320156BAF00E0869C /* AuthService.swift */; };
		172B50862015CEDC00E0869C /* RoundedButton.swift in Sources */ = {isa = PBXBuildFile; fileRef = 172B50852015CEDC00E0869C /* RoundedButton.swift */; };
		172B50882016BDF800E0869C /* UserDataService.swift in Sources */ = {isa = PBXBuildFile; fileRef = 172B50872016BDF800E0869C /* UserDataService.swift */; };
		172B508A20181AF800E0869C /* AvatarPickerVC.swift in Sources */ = {isa = PBXBuildFile; fileRef = 172B508920181AF800E0869C /* AvatarPickerVC.swift */; };
		172B508C20181E2500E0869C /* AvatarCell.swift in Sources */ = {isa = PBXBuildFile; fileRef = 172B508B20181E2500E0869C /* AvatarCell.swift */; };
		176099AB200C5FE1004FEFCB /* AppDelegate.swift in Sources */ = {isa = PBXBuildFile; fileRef = 176099AA200C5FE1004FEFCB /* AppDelegate.swift */; };
		176099B0200C5FE1004FEFCB /* Main.storyboard in Resources */ = {isa = PBXBuildFile; fileRef = 176099AE200C5FE1004FEFCB /* Main.storyboard */; };
		176099B2200C5FE1004FEFCB /* Assets.xcassets in Resources */ = {isa = PBXBuildFile; fileRef = 176099B1200C5FE1004FEFCB /* Assets.xcassets */; };
		176099B5200C5FE1004FEFCB /* LaunchScreen.storyboard in Resources */ = {isa = PBXBuildFile; fileRef = 176099B3200C5FE1004FEFCB /* LaunchScreen.storyboard */; };
		176099C0200C6BFC004FEFCB /* SWRevealViewController.m in Sources */ = {isa = PBXBuildFile; fileRef = 176099BF200C6BFC004FEFCB /* SWRevealViewController.m */; };
		176099C5200EBC74004FEFCB /* ChatVC.swift in Sources */ = {isa = PBXBuildFile; fileRef = 176099C4200EBC74004FEFCB /* ChatVC.swift */; };
		176099C7200EBC84004FEFCB /* ChannelVC.swift in Sources */ = {isa = PBXBuildFile; fileRef = 176099C6200EBC84004FEFCB /* ChannelVC.swift */; };
		176099C9200F00DA004FEFCB /* GradientView.swift in Sources */ = {isa = PBXBuildFile; fileRef = 176099C8200F00DA004FEFCB /* GradientView.swift */; };
		176099CC20105B82004FEFCB /* Constants.swift in Sources */ = {isa = PBXBuildFile; fileRef = 176099CB20105B82004FEFCB /* Constants.swift */; };
		176099CE201060E6004FEFCB /* LoginVC.swift in Sources */ = {isa = PBXBuildFile; fileRef = 176099CD201060E6004FEFCB /* LoginVC.swift */; };
		176099D020118CF3004FEFCB /* CreateAccountVC.swift in Sources */ = {isa = PBXBuildFile; fileRef = 176099CF20118CF3004FEFCB /* CreateAccountVC.swift */; };
		581D7A40D2C21411389AE36F /* Pods_Smack.framework in Frameworks */ = {isa = PBXBuildFile; fileRef = 74BD766AF2CB533D3F4ED9B7 /* Pods_Smack.framework */; };
/* End PBXBuildFile section */

/* Begin PBXFileReference section */
		172B508320156BAF00E0869C /* AuthService.swift */ = {isa = PBXFileReference; lastKnownFileType = sourcecode.swift; path = AuthService.swift; sourceTree = "<group>"; };
		172B50852015CEDC00E0869C /* RoundedButton.swift */ = {isa = PBXFileReference; lastKnownFileType = sourcecode.swift; path = RoundedButton.swift; sourceTree = "<group>"; };
		172B50872016BDF800E0869C /* UserDataService.swift */ = {isa = PBXFileReference; lastKnownFileType = sourcecode.swift; path = UserDataService.swift; sourceTree = "<group>"; };
		172B508920181AF800E0869C /* AvatarPickerVC.swift */ = {isa = PBXFileReference; lastKnownFileType = sourcecode.swift; path = AvatarPickerVC.swift; sourceTree = "<group>"; };
		172B508B20181E2500E0869C /* AvatarCell.swift */ = {isa = PBXFileReference; lastKnownFileType = sourcecode.swift; path = AvatarCell.swift; sourceTree = "<group>"; };
		176099A7200C5FE1004FEFCB /* Smack.app */ = {isa = PBXFileReference; explicitFileType = wrapper.application; includeInIndex = 0; path = Smack.app; sourceTree = BUILT_PRODUCTS_DIR; };
		176099AA200C5FE1004FEFCB /* AppDelegate.swift */ = {isa = PBXFileReference; lastKnownFileType = sourcecode.swift; path = AppDelegate.swift; sourceTree = "<group>"; };
		176099AF200C5FE1004FEFCB /* Base */ = {isa = PBXFileReference; lastKnownFileType = file.storyboard; name = Base; path = Base.lproj/Main.storyboard; sourceTree = "<group>"; };
		176099B1200C5FE1004FEFCB /* Assets.xcassets */ = {isa = PBXFileReference; lastKnownFileType = folder.assetcatalog; path = Assets.xcassets; sourceTree = "<group>"; };
		176099B4200C5FE1004FEFCB /* Base */ = {isa = PBXFileReference; lastKnownFileType = file.storyboard; name = Base; path = Base.lproj/LaunchScreen.storyboard; sourceTree = "<group>"; };
		176099B6200C5FE1004FEFCB /* Info.plist */ = {isa = PBXFileReference; lastKnownFileType = text.plist.xml; path = Info.plist; sourceTree = "<group>"; };
		176099BD200C6BFB004FEFCB /* Smack-Bridging-Header.h */ = {isa = PBXFileReference; lastKnownFileType = sourcecode.c.h; path = "Smack-Bridging-Header.h"; sourceTree = "<group>"; };
		176099BE200C6BFC004FEFCB /* SWRevealViewController.h */ = {isa = PBXFileReference; fileEncoding = 4; lastKnownFileType = sourcecode.c.h; path = SWRevealViewController.h; sourceTree = "<group>"; };
		176099BF200C6BFC004FEFCB /* SWRevealViewController.m */ = {isa = PBXFileReference; fileEncoding = 4; lastKnownFileType = sourcecode.c.objc; path = SWRevealViewController.m; sourceTree = "<group>"; };
		176099C4200EBC74004FEFCB /* ChatVC.swift */ = {isa = PBXFileReference; lastKnownFileType = sourcecode.swift; path = ChatVC.swift; sourceTree = "<group>"; };
		176099C6200EBC84004FEFCB /* ChannelVC.swift */ = {isa = PBXFileReference; lastKnownFileType = sourcecode.swift; path = ChannelVC.swift; sourceTree = "<group>"; };
		176099C8200F00DA004FEFCB /* GradientView.swift */ = {isa = PBXFileReference; lastKnownFileType = sourcecode.swift; path = GradientView.swift; sourceTree = "<group>"; };
		176099CB20105B82004FEFCB /* Constants.swift */ = {isa = PBXFileReference; lastKnownFileType = sourcecode.swift; path = Constants.swift; sourceTree = "<group>"; };
		176099CD201060E6004FEFCB /* LoginVC.swift */ = {isa = PBXFileReference; lastKnownFileType = sourcecode.swift; path = LoginVC.swift; sourceTree = "<group>"; };
		176099CF20118CF3004FEFCB /* CreateAccountVC.swift */ = {isa = PBXFileReference; lastKnownFileType = sourcecode.swift; path = CreateAccountVC.swift; sourceTree = "<group>"; };
		4B624BFF3C7DB80502E03519 /* Pods-Smack.release.xcconfig */ = {isa = PBXFileReference; includeInIndex = 1; lastKnownFileType = text.xcconfig; name = "Pods-Smack.release.xcconfig"; path = "Pods/Target Support Files/Pods-Smack/Pods-Smack.release.xcconfig"; sourceTree = "<group>"; };
		74BD766AF2CB533D3F4ED9B7 /* Pods_Smack.framework */ = {isa = PBXFileReference; explicitFileType = wrapper.framework; includeInIndex = 0; path = Pods_Smack.framework; sourceTree = BUILT_PRODUCTS_DIR; };
		FC8A1E9A72050063649915F6 /* Pods-Smack.debug.xcconfig */ = {isa = PBXFileReference; includeInIndex = 1; lastKnownFileType = text.xcconfig; name = "Pods-Smack.debug.xcconfig"; path = "Pods/Target Support Files/Pods-Smack/Pods-Smack.debug.xcconfig"; sourceTree = "<group>"; };
/* End PBXFileReference section */

/* Begin PBXFrameworksBuildPhase section */
		176099A4200C5FE1004FEFCB /* Frameworks */ = {
			isa = PBXFrameworksBuildPhase;
			buildActionMask = 2147483647;
			files = (
				581D7A40D2C21411389AE36F /* Pods_Smack.framework in Frameworks */,
			);
			runOnlyForDeploymentPostprocessing = 0;
		};
/* End PBXFrameworksBuildPhase section */

/* Begin PBXGroup section */
		172B508220156B9500E0869C /* Services */ = {
			isa = PBXGroup;
			children = (
				172B508320156BAF00E0869C /* AuthService.swift */,
				172B50872016BDF800E0869C /* UserDataService.swift */,
			);
			path = Services;
			sourceTree = "<group>";
		};
		1760999E200C5FE1004FEFCB = {
			isa = PBXGroup;
			children = (
				176099A9200C5FE1004FEFCB /* Smack */,
				176099A8200C5FE1004FEFCB /* Products */,
				DC61FEFE8080C67AD7C9D23C /* Pods */,
				5A586E55573C3FA91279E856 /* Frameworks */,
			);
			sourceTree = "<group>";
		};
		176099A8200C5FE1004FEFCB /* Products */ = {
			isa = PBXGroup;
			children = (
				176099A7200C5FE1004FEFCB /* Smack.app */,
			);
			name = Products;
			sourceTree = "<group>";
		};
		176099A9200C5FE1004FEFCB /* Smack */ = {
			isa = PBXGroup;
			children = (
				172B508220156B9500E0869C /* Services */,
				176099CA20105B59004FEFCB /* Utilities */,
				176099C3200EBC55004FEFCB /* Model */,
				176099C2200EBC51004FEFCB /* View */,
				176099C1200EBC4A004FEFCB /* Controller */,
				176099BC200C6BDE004FEFCB /* Supporting Files */,
				176099AA200C5FE1004FEFCB /* AppDelegate.swift */,
				176099AE200C5FE1004FEFCB /* Main.storyboard */,
				176099B1200C5FE1004FEFCB /* Assets.xcassets */,
				176099B3200C5FE1004FEFCB /* LaunchScreen.storyboard */,
				176099B6200C5FE1004FEFCB /* Info.plist */,
			);
			path = Smack;
			sourceTree = "<group>";
		};
		176099BC200C6BDE004FEFCB /* Supporting Files */ = {
			isa = PBXGroup;
			children = (
				176099BE200C6BFC004FEFCB /* SWRevealViewController.h */,
				176099BF200C6BFC004FEFCB /* SWRevealViewController.m */,
				176099BD200C6BFB004FEFCB /* Smack-Bridging-Header.h */,
			);
			path = "Supporting Files";
			sourceTree = "<group>";
		};
		176099C1200EBC4A004FEFCB /* Controller */ = {
			isa = PBXGroup;
			children = (
				176099C4200EBC74004FEFCB /* ChatVC.swift */,
				176099C6200EBC84004FEFCB /* ChannelVC.swift */,
				176099CD201060E6004FEFCB /* LoginVC.swift */,
				176099CF20118CF3004FEFCB /* CreateAccountVC.swift */,
				172B508920181AF800E0869C /* AvatarPickerVC.swift */,
			);
			path = Controller;
			sourceTree = "<group>";
		};
		176099C2200EBC51004FEFCB /* View */ = {
			isa = PBXGroup;
			children = (
				176099C8200F00DA004FEFCB /* GradientView.swift */,
				172B50852015CEDC00E0869C /* RoundedButton.swift */,
				172B508B20181E2500E0869C /* AvatarCell.swift */,
			);
			path = View;
			sourceTree = "<group>";
		};
		176099C3200EBC55004FEFCB /* Model */ = {
			isa = PBXGroup;
			children = (
			);
			path = Model;
			sourceTree = "<group>";
		};
		176099CA20105B59004FEFCB /* Utilities */ = {
			isa = PBXGroup;
			children = (
				176099CB20105B82004FEFCB /* Constants.swift */,
			);
			path = Utilities;
			sourceTree = "<group>";
		};
		5A586E55573C3FA91279E856 /* Frameworks */ = {
			isa = PBXGroup;
			children = (
				74BD766AF2CB533D3F4ED9B7 /* Pods_Smack.framework */,
			);
			name = Frameworks;
			sourceTree = "<group>";
		};
		DC61FEFE8080C67AD7C9D23C /* Pods */ = {
			isa = PBXGroup;
			children = (
				FC8A1E9A72050063649915F6 /* Pods-Smack.debug.xcconfig */,
				4B624BFF3C7DB80502E03519 /* Pods-Smack.release.xcconfig */,
			);
			name = Pods;
			sourceTree = "<group>";
		};
/* End PBXGroup section */

/* Begin PBXNativeTarget section */
		176099A6200C5FE1004FEFCB /* Smack */ = {
			isa = PBXNativeTarget;
			buildConfigurationList = 176099B9200C5FE1004FEFCB /* Build configuration list for PBXNativeTarget "Smack" */;
			buildPhases = (
				7860C779464BFA8CA96E182E /* [CP] Check Pods Manifest.lock */,
				176099A3200C5FE1004FEFCB /* Sources */,
				176099A4200C5FE1004FEFCB /* Frameworks */,
				176099A5200C5FE1004FEFCB /* Resources */,
				E2141ADC03EDA406A09EC254 /* [CP] Embed Pods Frameworks */,
				0241F47E7718715D3AFF6785 /* [CP] Copy Pods Resources */,
			);
			buildRules = (
			);
			dependencies = (
			);
			name = Smack;
			productName = Smack;
			productReference = 176099A7200C5FE1004FEFCB /* Smack.app */;
			productType = "com.apple.product-type.application";
		};
/* End PBXNativeTarget section */

/* Begin PBXProject section */
		1760999F200C5FE1004FEFCB /* Project object */ = {
			isa = PBXProject;
			attributes = {
				LastSwiftUpdateCheck = 0920;
				LastUpgradeCheck = 0920;
				ORGANIZATIONNAME = ERF;
				TargetAttributes = {
					176099A6200C5FE1004FEFCB = {
						CreatedOnToolsVersion = 9.2;
						LastSwiftMigration = 0920;
						ProvisioningStyle = Automatic;
					};
				};
			};
			buildConfigurationList = 176099A2200C5FE1004FEFCB /* Build configuration list for PBXProject "Smack" */;
			compatibilityVersion = "Xcode 8.0";
			developmentRegion = en;
			hasScannedForEncodings = 0;
			knownRegions = (
				en,
				Base,
			);
			mainGroup = 1760999E200C5FE1004FEFCB;
			productRefGroup = 176099A8200C5FE1004FEFCB /* Products */;
			projectDirPath = "";
			projectRoot = "";
			targets = (
				176099A6200C5FE1004FEFCB /* Smack */,
			);
		};
/* End PBXProject section */

/* Begin PBXResourcesBuildPhase section */
		176099A5200C5FE1004FEFCB /* Resources */ = {
			isa = PBXResourcesBuildPhase;
			buildActionMask = 2147483647;
			files = (
				176099B5200C5FE1004FEFCB /* LaunchScreen.storyboard in Resources */,
				176099B2200C5FE1004FEFCB /* Assets.xcassets in Resources */,
				176099B0200C5FE1004FEFCB /* Main.storyboard in Resources */,
			);
			runOnlyForDeploymentPostprocessing = 0;
		};
/* End PBXResourcesBuildPhase section */

/* Begin PBXShellScriptBuildPhase section */
		0241F47E7718715D3AFF6785 /* [CP] Copy Pods Resources */ = {
			isa = PBXShellScriptBuildPhase;
			buildActionMask = 2147483647;
			files = (
			);
			inputPaths = (
			);
			name = "[CP] Copy Pods Resources";
			outputPaths = (
			);
			runOnlyForDeploymentPostprocessing = 0;
			shellPath = /bin/sh;
			shellScript = "\"${SRCROOT}/Pods/Target Support Files/Pods-Smack/Pods-Smack-resources.sh\"\n";
			showEnvVarsInLog = 0;
		};
		7860C779464BFA8CA96E182E /* [CP] Check Pods Manifest.lock */ = {
			isa = PBXShellScriptBuildPhase;
			buildActionMask = 2147483647;
			files = (
			);
			inputPaths = (
			);
			name = "[CP] Check Pods Manifest.lock";
			outputPaths = (
			);
			runOnlyForDeploymentPostprocessing = 0;
			shellPath = /bin/sh;
			shellScript = "diff \"${PODS_ROOT}/../Podfile.lock\" \"${PODS_ROOT}/Manifest.lock\" > /dev/null\nif [ $? != 0 ] ; then\n    # print error to STDERR\n    echo \"error: The sandbox is not in sync with the Podfile.lock. Run 'pod install' or update your CocoaPods installation.\" >&2\n    exit 1\nfi\n";
			showEnvVarsInLog = 0;
		};
		E2141ADC03EDA406A09EC254 /* [CP] Embed Pods Frameworks */ = {
			isa = PBXShellScriptBuildPhase;
			buildActionMask = 2147483647;
			files = (
			);
			inputPaths = (
			);
			name = "[CP] Embed Pods Frameworks";
			outputPaths = (
			);
			runOnlyForDeploymentPostprocessing = 0;
			shellPath = /bin/sh;
			shellScript = "\"${SRCROOT}/Pods/Target Support Files/Pods-Smack/Pods-Smack-frameworks.sh\"\n";
			showEnvVarsInLog = 0;
		};
/* End PBXShellScriptBuildPhase section */

/* Begin PBXSourcesBuildPhase section */
		176099A3200C5FE1004FEFCB /* Sources */ = {
			isa = PBXSourcesBuildPhase;
			buildActionMask = 2147483647;
			files = (
				176099C7200EBC84004FEFCB /* ChannelVC.swift in Sources */,
				172B508A20181AF800E0869C /* AvatarPickerVC.swift in Sources */,
				172B50862015CEDC00E0869C /* RoundedButton.swift in Sources */,
				176099C5200EBC74004FEFCB /* ChatVC.swift in Sources */,
				172B50882016BDF800E0869C /* UserDataService.swift in Sources */,
				176099D020118CF3004FEFCB /* CreateAccountVC.swift in Sources */,
				172B508420156BAF00E0869C /* AuthService.swift in Sources */,
				176099CE201060E6004FEFCB /* LoginVC.swift in Sources */,
				176099C9200F00DA004FEFCB /* GradientView.swift in Sources */,
				172B508C20181E2500E0869C /* AvatarCell.swift in Sources */,
				176099AB200C5FE1004FEFCB /* AppDelegate.swift in Sources */,
				176099C0200C6BFC004FEFCB /* SWRevealViewController.m in Sources */,
				176099CC20105B82004FEFCB /* Constants.swift in Sources */,
			);
			runOnlyForDeploymentPostprocessing = 0;
		};
/* End PBXSourcesBuildPhase section */

/* Begin PBXVariantGroup section */
		176099AE200C5FE1004FEFCB /* Main.storyboard */ = {
			isa = PBXVariantGroup;
			children = (
				176099AF200C5FE1004FEFCB /* Base */,
			);
			name = Main.storyboard;
			sourceTree = "<group>";
		};
		176099B3200C5FE1004FEFCB /* LaunchScreen.storyboard */ = {
			isa = PBXVariantGroup;
			children = (
				176099B4200C5FE1004FEFCB /* Base */,
			);
			name = LaunchScreen.storyboard;
			sourceTree = "<group>";
		};
/* End PBXVariantGroup section */

/* Begin XCBuildConfiguration section */
		176099B7200C5FE1004FEFCB /* Debug */ = {
			isa = XCBuildConfiguration;
			buildSettings = {
				ALWAYS_SEARCH_USER_PATHS = NO;
				CLANG_ANALYZER_NONNULL = YES;
				CLANG_ANALYZER_NUMBER_OBJECT_CONVERSION = YES_AGGRESSIVE;
				CLANG_CXX_LANGUAGE_STANDARD = "gnu++14";
				CLANG_CXX_LIBRARY = "libc++";
				CLANG_ENABLE_MODULES = YES;
				CLANG_ENABLE_OBJC_ARC = YES;
				CLANG_WARN_BLOCK_CAPTURE_AUTORELEASING = YES;
				CLANG_WARN_BOOL_CONVERSION = YES;
				CLANG_WARN_COMMA = YES;
				CLANG_WARN_CONSTANT_CONVERSION = YES;
				CLANG_WARN_DIRECT_OBJC_ISA_USAGE = YES_ERROR;
				CLANG_WARN_DOCUMENTATION_COMMENTS = YES;
				CLANG_WARN_EMPTY_BODY = YES;
				CLANG_WARN_ENUM_CONVERSION = YES;
				CLANG_WARN_INFINITE_RECURSION = YES;
				CLANG_WARN_INT_CONVERSION = YES;
				CLANG_WARN_NON_LITERAL_NULL_CONVERSION = YES;
				CLANG_WARN_OBJC_LITERAL_CONVERSION = YES;
				CLANG_WARN_OBJC_ROOT_CLASS = YES_ERROR;
				CLANG_WARN_RANGE_LOOP_ANALYSIS = YES;
				CLANG_WARN_STRICT_PROTOTYPES = YES;
				CLANG_WARN_SUSPICIOUS_MOVE = YES;
				CLANG_WARN_UNGUARDED_AVAILABILITY = YES_AGGRESSIVE;
				CLANG_WARN_UNREACHABLE_CODE = YES;
				CLANG_WARN__DUPLICATE_METHOD_MATCH = YES;
				CODE_SIGN_IDENTITY = "iPhone Developer";
				COPY_PHASE_STRIP = NO;
				DEBUG_INFORMATION_FORMAT = dwarf;
				ENABLE_STRICT_OBJC_MSGSEND = YES;
				ENABLE_TESTABILITY = YES;
				GCC_C_LANGUAGE_STANDARD = gnu11;
				GCC_DYNAMIC_NO_PIC = NO;
				GCC_NO_COMMON_BLOCKS = YES;
				GCC_OPTIMIZATION_LEVEL = 0;
				GCC_PREPROCESSOR_DEFINITIONS = (
					"DEBUG=1",
					"$(inherited)",
				);
				GCC_WARN_64_TO_32_BIT_CONVERSION = YES;
				GCC_WARN_ABOUT_RETURN_TYPE = YES_ERROR;
				GCC_WARN_UNDECLARED_SELECTOR = YES;
				GCC_WARN_UNINITIALIZED_AUTOS = YES_AGGRESSIVE;
				GCC_WARN_UNUSED_FUNCTION = YES;
				GCC_WARN_UNUSED_VARIABLE = YES;
				IPHONEOS_DEPLOYMENT_TARGET = 11.2;
				MTL_ENABLE_DEBUG_INFO = YES;
				ONLY_ACTIVE_ARCH = YES;
				SDKROOT = iphoneos;
				SWIFT_ACTIVE_COMPILATION_CONDITIONS = DEBUG;
				SWIFT_OPTIMIZATION_LEVEL = "-Onone";
			};
			name = Debug;
		};
		176099B8200C5FE1004FEFCB /* Release */ = {
			isa = XCBuildConfiguration;
			buildSettings = {
				ALWAYS_SEARCH_USER_PATHS = NO;
				CLANG_ANALYZER_NONNULL = YES;
				CLANG_ANALYZER_NUMBER_OBJECT_CONVERSION = YES_AGGRESSIVE;
				CLANG_CXX_LANGUAGE_STANDARD = "gnu++14";
				CLANG_CXX_LIBRARY = "libc++";
				CLANG_ENABLE_MODULES = YES;
				CLANG_ENABLE_OBJC_ARC = YES;
				CLANG_WARN_BLOCK_CAPTURE_AUTORELEASING = YES;
				CLANG_WARN_BOOL_CONVERSION = YES;
				CLANG_WARN_COMMA = YES;
				CLANG_WARN_CONSTANT_CONVERSION = YES;
				CLANG_WARN_DIRECT_OBJC_ISA_USAGE = YES_ERROR;
				CLANG_WARN_DOCUMENTATION_COMMENTS = YES;
				CLANG_WARN_EMPTY_BODY = YES;
				CLANG_WARN_ENUM_CONVERSION = YES;
				CLANG_WARN_INFINITE_RECURSION = YES;
				CLANG_WARN_INT_CONVERSION = YES;
				CLANG_WARN_NON_LITERAL_NULL_CONVERSION = YES;
				CLANG_WARN_OBJC_LITERAL_CONVERSION = YES;
				CLANG_WARN_OBJC_ROOT_CLASS = YES_ERROR;
				CLANG_WARN_RANGE_LOOP_ANALYSIS = YES;
				CLANG_WARN_STRICT_PROTOTYPES = YES;
				CLANG_WARN_SUSPICIOUS_MOVE = YES;
				CLANG_WARN_UNGUARDED_AVAILABILITY = YES_AGGRESSIVE;
				CLANG_WARN_UNREACHABLE_CODE = YES;
				CLANG_WARN__DUPLICATE_METHOD_MATCH = YES;
				CODE_SIGN_IDENTITY = "iPhone Developer";
				COPY_PHASE_STRIP = NO;
				DEBUG_INFORMATION_FORMAT = "dwarf-with-dsym";
				ENABLE_NS_ASSERTIONS = NO;
				ENABLE_STRICT_OBJC_MSGSEND = YES;
				GCC_C_LANGUAGE_STANDARD = gnu11;
				GCC_NO_COMMON_BLOCKS = YES;
				GCC_WARN_64_TO_32_BIT_CONVERSION = YES;
				GCC_WARN_ABOUT_RETURN_TYPE = YES_ERROR;
				GCC_WARN_UNDECLARED_SELECTOR = YES;
				GCC_WARN_UNINITIALIZED_AUTOS = YES_AGGRESSIVE;
				GCC_WARN_UNUSED_FUNCTION = YES;
				GCC_WARN_UNUSED_VARIABLE = YES;
				IPHONEOS_DEPLOYMENT_TARGET = 11.2;
				MTL_ENABLE_DEBUG_INFO = NO;
				SDKROOT = iphoneos;
				SWIFT_OPTIMIZATION_LEVEL = "-Owholemodule";
				VALIDATE_PRODUCT = YES;
			};
			name = Release;
		};
		176099BA200C5FE1004FEFCB /* Debug */ = {
			isa = XCBuildConfiguration;
			baseConfigurationReference = FC8A1E9A72050063649915F6 /* Pods-Smack.debug.xcconfig */;
			buildSettings = {
				ASSETCATALOG_COMPILER_APPICON_NAME = AppIcon;
				CLANG_ENABLE_MODULES = YES;
				CODE_SIGN_STYLE = Automatic;
				DEVELOPMENT_TEAM = BAXBGFT8F4;
				INFOPLIST_FILE = Smack/Info.plist;
				LD_RUNPATH_SEARCH_PATHS = "$(inherited) @executable_path/Frameworks";
				PRODUCT_BUNDLE_IDENTIFIER = Ernest.Smack;
				PRODUCT_NAME = "$(TARGET_NAME)";
				SWIFT_OBJC_BRIDGING_HEADER = "Smack/Supporting Files/Smack-Bridging-Header.h";
				SWIFT_OPTIMIZATION_LEVEL = "-Onone";
				SWIFT_VERSION = 4.0;
				TARGETED_DEVICE_FAMILY = "1,2";
			};
			name = Debug;
		};
		176099BB200C5FE1004FEFCB /* Release */ = {
			isa = XCBuildConfiguration;
			baseConfigurationReference = 4B624BFF3C7DB80502E03519 /* Pods-Smack.release.xcconfig */;
			buildSettings = {
				ASSETCATALOG_COMPILER_APPICON_NAME = AppIcon;
				CLANG_ENABLE_MODULES = YES;
				CODE_SIGN_STYLE = Automatic;
				DEVELOPMENT_TEAM = BAXBGFT8F4;
				INFOPLIST_FILE = Smack/Info.plist;
				LD_RUNPATH_SEARCH_PATHS = "$(inherited) @executable_path/Frameworks";
				PRODUCT_BUNDLE_IDENTIFIER = Ernest.Smack;
				PRODUCT_NAME = "$(TARGET_NAME)";
				SWIFT_OBJC_BRIDGING_HEADER = "Smack/Supporting Files/Smack-Bridging-Header.h";
				SWIFT_VERSION = 4.0;
				TARGETED_DEVICE_FAMILY = "1,2";
			};
			name = Release;
		};
/* End XCBuildConfiguration section */

/* Begin XCConfigurationList section */
		176099A2200C5FE1004FEFCB /* Build configuration list for PBXProject "Smack" */ = {
			isa = XCConfigurationList;
			buildConfigurations = (
				176099B7200C5FE1004FEFCB /* Debug */,
				176099B8200C5FE1004FEFCB /* Release */,
			);
			defaultConfigurationIsVisible = 0;
			defaultConfigurationName = Release;
		};
		176099B9200C5FE1004FEFCB /* Build configuration list for PBXNativeTarget "Smack" */ = {
			isa = XCConfigurationList;
			buildConfigurations = (
				176099BA200C5FE1004FEFCB /* Debug */,
				176099BB200C5FE1004FEFCB /* Release */,
			);
			defaultConfigurationIsVisible = 0;
			defaultConfigurationName = Release;
		};
/* End XCConfigurationList section */
	};
	rootObject = 1760999F200C5FE1004FEFCB /* Project object */;
}
